{
  "version": 1,
  "dependencies": {
    "net7.0-windows7.0": {
      "DalamudPackager": {
        "type": "Direct",
        "requested": "[2.1.10, )",
        "resolved": "2.1.10",
        "contentHash": "S6NrvvOnLgT4GDdgwuKVJjbFo+8ZEj+JsEYk9ojjOR/MMfv1dIFpT8aRJQfI24rtDcw1uF+GnSSMN4WW1yt7fw=="
      },
      "LibreHardwareMonitorLib": {
        "type": "Direct",
        "requested": "[0.9.2, )",
        "resolved": "0.9.2",
        "contentHash": "mNalmymaiY9CX79hJBoZkQ83V51BPpAZH+OCrP5sewLn9fKfhwKe68jMmjS+CBOIl62Uq0KqiZSlNYbGag9lFA==",
        "dependencies": {
          "HidSharp": "2.1.0",
          "Microsoft.Win32.Registry": "5.0.0",
          "Mono.Posix.NETStandard": "1.0.0",
          "System.IO.FileSystem.AccessControl": "5.0.0",
          "System.IO.Ports": "7.0.0",
          "System.Management": "7.0.0"
        }
      },
      "HidSharp": {
        "type": "Transitive",
        "resolved": "2.1.0",
        "contentHash": "UTdxWvbgp2xzT1Ajaa2va+Qi3oNHJPasYmVhbKI2VVdu1VYP6yUG+RikhsHvpD7iM0S8e8UYb5Qm/LTWxx9QAA=="
      },
      "Microsoft.NETCore.Platforms": {
        "type": "Transitive",
        "resolved": "5.0.0",
        "contentHash": "VyPlqzH2wavqquTcYpkIIAQ6WdenuKoFN0BdYBbCWsclXacSOHNQn66Gt4z5NBqEYW0FAPm5rlvki9ZiCij5xQ=="
      },
      "Microsoft.Win32.Registry": {
        "type": "Transitive",
        "resolved": "5.0.0",
        "contentHash": "dDoKi0PnDz31yAyETfRntsLArTlVAVzUzCIvvEDsDsucrl33Dl8pIJG06ePTJTI3tGpeyHS9Cq7Foc/s4EeKcg==",
        "dependencies": {
          "System.Security.AccessControl": "5.0.0",
          "System.Security.Principal.Windows": "5.0.0"
        }
      },
      "Mono.Posix.NETStandard": {
        "type": "Transitive",
        "resolved": "1.0.0",
        "contentHash": "vSN/L1uaVwKsiLa95bYu2SGkF0iY3xMblTfxc8alSziPuVfJpj3geVqHGAA75J7cZkMuKpFVikz82Lo6y6LLdA=="
      },
      "runtime.linux-arm.runtime.native.System.IO.Ports": {
        "type": "Transitive",
        "resolved": "7.0.0",
        "contentHash": "CBvgRaF+M0xGLDv2Geb/0v0LEADheH8aK72GRAUJdnqnJVsQO60ki1XO8M3keEhnjm+T5NvLm41pNXAVYAPiSg=="
      },
      "runtime.linux-arm64.runtime.native.System.IO.Ports": {
        "type": "Transitive",
        "resolved": "7.0.0",
        "contentHash": "5VCyRCtCIYU8FR/W8oo7ouFuJ8tmAg9ddsuXhfCKZfZrbaVZSKxkmNBa6fxkfYPueD0jQfOvwFBmE5c6zalCSw=="
      },
      "runtime.linux-x64.runtime.native.System.IO.Ports": {
        "type": "Transitive",
        "resolved": "7.0.0",
        "contentHash": "DV9dWDUs23OoZqMWl5IhLr3D+b9koDiSHQxFKdYgWnQbnthv8c/yDjrlrI8nMrDc71RAKCO8jlUojzuPMX04gg=="
      },
      "runtime.native.System.IO.Ports": {
        "type": "Transitive",
        "resolved": "7.0.0",
        "contentHash": "L4Ivegqc3B0Fee7VifFy2JST9nndm+uvJ0viLIZUaImDfnr+JmRin9Tbqd56KuMtm0eVxHpNOWZBPtKrA/1h5Q==",
        "dependencies": {
          "runtime.linux-arm.runtime.native.System.IO.Ports": "7.0.0",
          "runtime.linux-arm64.runtime.native.System.IO.Ports": "7.0.0",
          "runtime.linux-x64.runtime.native.System.IO.Ports": "7.0.0",
          "runtime.osx-arm64.runtime.native.System.IO.Ports": "7.0.0",
          "runtime.osx-x64.runtime.native.System.IO.Ports": "7.0.0"
        }
      },
      "runtime.osx-arm64.runtime.native.System.IO.Ports": {
        "type": "Transitive",
        "resolved": "7.0.0",
        "contentHash": "jFwh4sKSXZ7al5XrItEO4GdGWa6XNxvNx+LhEHjrSzOwawO1znwJ+Dy+VjnrkySX9Qi4bnHNLoiqOXbqMuka4g=="
      },
      "runtime.osx-x64.runtime.native.System.IO.Ports": {
        "type": "Transitive",
        "resolved": "7.0.0",
        "contentHash": "X4LrHEfke/z9+z+iuVr35NlkhdZldY8JGNMYUN+sfPK/U/6TcE+vP44I0Yv0ir1v0bqIzq3v6Qdv1c1vmp8s4g=="
      },
      "System.CodeDom": {
        "type": "Transitive",
        "resolved": "7.0.0",
        "contentHash": "GLltyqEsE5/3IE+zYRP5sNa1l44qKl9v+bfdMcwg+M9qnQf47wK3H0SUR/T+3N4JEQXF3vV4CSuuo0rsg+nq2A=="
      },
      "System.IO.FileSystem.AccessControl": {
        "type": "Transitive",
        "resolved": "5.0.0",
        "contentHash": "SxHB3nuNrpptVk+vZ/F+7OHEpoHUIKKMl02bUmYHQr1r+glbZQxs7pRtsf4ENO29TVm2TH3AEeep2fJcy92oYw==",
        "dependencies": {
          "System.Security.AccessControl": "5.0.0",
          "System.Security.Principal.Windows": "5.0.0"
        }
      },
      "System.IO.Ports": {
        "type": "Transitive",
        "resolved": "7.0.0",
        "contentHash": "0nWQjM5IofaIGpvkifN+LLuYwBG6BHlpmphLhhOJepcW12G8qToGuNDRgBzeTVBZzp33wVsESSZ8hUOCfq+8QA==",
        "dependencies": {
          "runtime.native.System.IO.Ports": "7.0.0"
        }
      },
      "System.Management": {
        "type": "Transitive",
        "resolved": "7.0.0",
        "contentHash": "A4jed4QUviDOm7fJNKAJObEAEkEUXmkGL/w0iyCYTzrl1rezTj8LGFHfsVst4Vb9JwFcTpboiDrvdST48avBpw==",
        "dependencies": {
          "System.CodeDom": "7.0.0"
        }
      },
      "System.Security.AccessControl": {
        "type": "Transitive",
        "resolved": "5.0.0",
        "contentHash": "dagJ1mHZO3Ani8GH0PHpPEe/oYO+rVdbQjvjJkBRNQkX4t0r1iaeGn8+/ybkSLEan3/slM0t59SVdHzuHf2jmw==",
        "dependencies": {
          "Microsoft.NETCore.Platforms": "5.0.0",
          "System.Security.Principal.Windows": "5.0.0"
        }
      },
      "System.Security.Principal.Windows": {
        "type": "Transitive",
        "resolved": "5.0.0",
        "contentHash": "t0MGLukB5WAVU9bO3MGzvlGnyJPgUlcwerXn1kzBRjwLKixT96XV0Uza41W49gVd8zEMFu9vQEFlv0IOrytICA=="
      }
    }
  }
}